
Microsoft Visual Studio Solution File, Format Version 12.00
# Visual Studio Version 17
VisualStudioVersion = 17.8.34322.80
MinimumVisualStudioVersion = 10.0.40219.1
Project("{FAE04EC0-301F-11D3-BF4B-00C04F79EFBC}") = "Lab7", "Lab7\Lab7.csproj", "{3A18A5C2-9488-4283-AC00-C76E43C153D9}"
EndProject
Global
	GlobalSection(SolutionConfigurationPlatforms) = preSolution
		Debug|Any CPU = Debug|Any CPU
		Release|Any CPU = Release|Any CPU
	EndGlobalSection
	GlobalSection(ProjectConfigurationPlatforms) = postSolution
		{3A18A5C2-9488-4283-AC00-C76E43C153D9}.Debug|Any CPU.ActiveCfg = Debug|Any CPU
		{3A18A5C2-9488-4283-AC00-C76E43C153D9}.Debug|Any CPU.Build.0 = Debug|Any CPU
		{3A18A5C2-9488-4283-AC00-C76E43C153D9}.Release|Any CPU.ActiveCfg = Release|Any CPU
		{3A18A5C2-9488-4283-AC00-C76E43C153D9}.Release|Any CPU.Build.0 = Release|Any CPU
	EndGlobalSection
	GlobalSection(SolutionProperties) = preSolution
		HideSolutionNode = FALSE
	EndGlobalSection
	GlobalSection(ExtensibilityGlobals) = postSolution
		SolutionGuid = {EE4ECDBD-984B-4FEF-AA56-F23C008C0752}
	EndGlobalSection
EndGlobal
